# This file is auto-generated by pip-compile from pyproject.toml (core + agents + dev extras).
# Do not edit manually. Regenerate with:
#   pip-compile pyproject.toml --extra agents --extra dev -o requirements-dev.lock --strip-extras
#
annotated-types==0.7.0
    # via pydantic
black==25.12.0
    # via vibe (pyproject.toml)
certifi==2026.2.25
    # via requests
cfgv==3.5.0
    # via pre-commit
charset-normalizer==3.4.4
    # via requests
click==8.3.1
    # via black
coverage==7.13.4
    # via pytest-cov
distlib==0.4.0
    # via virtualenv
filelock==3.25.0
    # via
    #   python-discovery
    #   virtualenv
identify==2.6.17
    # via pre-commit
idna==3.11
    # via requests
iniconfig==2.3.0
    # via pytest
librt==0.8.1
    # via mypy
loguru==0.7.3
    # via vibe (pyproject.toml)
markdown-it-py==4.0.0
    # via rich
mdurl==0.1.2
    # via markdown-it-py
mypy==1.19.1
    # via vibe (pyproject.toml)
mypy-extensions==1.1.0
    # via
    #   black
    #   mypy
nodeenv==1.10.0
    # via pre-commit
packaging==26.0
    # via
    #   black
    #   pytest
pathspec==1.0.4
    # via
    #   black
    #   mypy
platformdirs==4.9.2
    # via
    #   black
    #   python-discovery
    #   virtualenv
pluggy==1.6.0
    # via
    #   pytest
    #   pytest-cov
pre-commit==4.5.1
    # via vibe (pyproject.toml)
pydantic==2.12.5
    # via vibe (pyproject.toml)
pydantic-core==2.41.5
    # via pydantic
pygments==2.19.2
    # via
    #   pytest
    #   rich
pytest==8.4.2
    # via
    #   genesia (pyproject.toml)
    #   pytest-cov
    #   pytest-timeout
pytest-cov==6.3.0
    # via vibe (pyproject.toml)
pytest-timeout==2.4.0
    # via vibe (pyproject.toml)
python-discovery==1.1.0
    # via virtualenv
python-dotenv==1.2.2
    # via vibe (pyproject.toml)
pytokens==0.4.1
    # via black
pyyaml==6.0.3
    # via pre-commit
requests==2.32.5
    # via vibe (pyproject.toml)
rich==13.9.4
    # via vibe (pyproject.toml)
ruff==0.15.4
    # via vibe (pyproject.toml)
typing-extensions==4.15.0
    # via
    #   genesia (pyproject.toml)
    #   mypy
    #   pydantic
    #   pydantic-core
    #   typing-inspection
typing-inspection==0.4.2
    # via pydantic
urllib3==2.6.3
    # via requests
virtualenv==21.1.0
    # via pre-commit
